
Microsoft Visual Studio Solution File, Format Version 11.00
# Visual Studio 2010
Project("{FAE04EC0-301F-11D3-BF4B-00C04F79EFBC}") = "FogBugzCategorizer.Plugins", "FogBugzCategorizer.Plugins\FogBugzCategorizer.Plugins.csproj", "{759E75F7-0817-4187-BABE-45B311974D87}"
EndProject
Project("{FAE04EC0-301F-11D3-BF4B-00C04F79EFBC}") = "Tests.FogBugzCategorizer.Plugins", "Tests.FogBugzCategorizer.Plugins\Tests.FogBugzCategorizer.Plugins.csproj", "{DE6803D7-EE17-4469-B9BE-7A9D610B9482}"
EndProject
Global
	GlobalSection(SolutionConfigurationPlatforms) = preSolution
		Debug|Any CPU = Debug|Any CPU
		Release|Any CPU = Release|Any CPU
	EndGlobalSection
	GlobalSection(ProjectConfigurationPlatforms) = postSolution
		{759E75F7-0817-4187-BABE-45B311974D87}.Debug|Any CPU.ActiveCfg = Debug|Any CPU
		{759E75F7-0817-4187-BABE-45B311974D87}.Debug|Any CPU.Build.0 = Debug|Any CPU
		{759E75F7-0817-4187-BABE-45B311974D87}.Release|Any CPU.ActiveCfg = Release|Any CPU
		{759E75F7-0817-4187-BABE-45B311974D87}.Release|Any CPU.Build.0 = Release|Any CPU
		{DE6803D7-EE17-4469-B9BE-7A9D610B9482}.Debug|Any CPU.ActiveCfg = Debug|Any CPU
		{DE6803D7-EE17-4469-B9BE-7A9D610B9482}.Debug|Any CPU.Build.0 = Debug|Any CPU
		{DE6803D7-EE17-4469-B9BE-7A9D610B9482}.Release|Any CPU.ActiveCfg = Release|Any CPU
		{DE6803D7-EE17-4469-B9BE-7A9D610B9482}.Release|Any CPU.Build.0 = Release|Any CPU
	EndGlobalSection
	GlobalSection(SolutionProperties) = preSolution
		HideSolutionNode = FALSE
	EndGlobalSection
EndGlobal
